// !$*UTF8*$!
{
	archiveVersion = 1;
	classes = {
	};
	objectVersion = 54;
	objects = {

/* Begin PBXBuildFile section */
		00E356F31AD99517003FC87E /* kuwaitTests.m in Sources */ = {isa = PBXBuildFile; fileRef = 00E356F21AD99517003FC87E /* kuwaitTests.m */; };
		0C80B921A6F3F58F76C31292 /* libPods-kuwait.a in Frameworks */ = {isa = PBXBuildFile; fileRef = 5DCACB8F33CDC322A6C60F78 /* libPods-kuwait.a */; };
		13B07FBC1A68108700A75B9A /* AppDelegate.mm in Sources */ = {isa = PBXBuildFile; fileRef = 13B07FB01A68108700A75B9A /* AppDelegate.mm */; };
		13B07FBF1A68108700A75B9A /* Images.xcassets in Resources */ = {isa = PBXBuildFile; fileRef = 13B07FB51A68108700A75B9A /* Images.xcassets */; };
		13B07FC11A68108700A75B9A /* main.m in Sources */ = {isa = PBXBuildFile; fileRef = 13B07FB71A68108700A75B9A /* main.m */; };
		7699B88040F8A987B510C191 /* libPods-kuwait-kuwaitTests.a in Frameworks */ = {isa = PBXBuildFile; fileRef = 19F6CBCC0A4E27FBF8BF4A61 /* libPods-kuwait-kuwaitTests.a */; };
		81AB9BB82411601600AC10FF /* LaunchScreen.storyboard in Resources */ = {isa = PBXBuildFile; fileRef = 81AB9BB72411601600AC10FF /* LaunchScreen.storyboard */; };
		834482BB2CEB0FE10010E4EC /* Inter-Bold.ttf in Resources */ = {isa = PBXBuildFile; fileRef = 834482B82CEB0FAA0010E4EC /* Inter-Bold.ttf */; };
		834482BC2CEB0FE10010E4EC /* Inter-Italic.ttf in Resources */ = {isa = PBXBuildFile; fileRef = 834482B92CEB0FAA0010E4EC /* Inter-Italic.ttf */; };
		834482BD2CEB0FE10010E4EC /* Inter-Light.ttf in Resources */ = {isa = PBXBuildFile; fileRef = 834482B52CEB0FAA0010E4EC /* Inter-Light.ttf */; };
		834482BE2CEB0FE10010E4EC /* Inter-Medium.ttf in Resources */ = {isa = PBXBuildFile; fileRef = 834482BA2CEB0FAA0010E4EC /* Inter-Medium.ttf */; };
		834482BF2CEB0FE10010E4EC /* Inter-Regular.ttf in Resources */ = {isa = PBXBuildFile; fileRef = 834482B72CEB0FAA0010E4EC /* Inter-Regular.ttf */; };
		834482C02CEB0FE10010E4EC /* Inter-SemiBold.ttf in Resources */ = {isa = PBXBuildFile; fileRef = 834482B62CEB0FAA0010E4EC /* Inter-SemiBold.ttf */; };
		839472C92CE5FCB00064EF18 /* Inter-ExtraLightItalic.otf in Resources */ = {isa = PBXBuildFile; fileRef = 839472B62CE5FCAF0064EF18 /* Inter-ExtraLightItalic.otf */; };
		839472CB2CE5FCB00064EF18 /* Inter-LightItalic.otf in Resources */ = {isa = PBXBuildFile; fileRef = 839472B82CE5FCAF0064EF18 /* Inter-LightItalic.otf */; };
		839472CC2CE5FCB00064EF18 /* Inter-ExtraBoldItalic.otf in Resources */ = {isa = PBXBuildFile; fileRef = 839472B92CE5FCAF0064EF18 /* Inter-ExtraBoldItalic.otf */; };
		839472CE2CE5FCB00064EF18 /* Inter-BoldItalic.otf in Resources */ = {isa = PBXBuildFile; fileRef = 839472BB2CE5FCAF0064EF18 /* Inter-BoldItalic.otf */; };
		839472D02CE5FCB00064EF18 /* Inter-ExtraLight.otf in Resources */ = {isa = PBXBuildFile; fileRef = 839472BD2CE5FCAF0064EF18 /* Inter-ExtraLight.otf */; };
		839472D22CE5FCB00064EF18 /* Inter-Thin.otf in Resources */ = {isa = PBXBuildFile; fileRef = 839472BF2CE5FCAF0064EF18 /* Inter-Thin.otf */; };
		839472D32CE5FCB00064EF18 /* Inter-ThinItalic.otf in Resources */ = {isa = PBXBuildFile; fileRef = 839472C02CE5FCAF0064EF18 /* Inter-ThinItalic.otf */; };
		839472D42CE5FCB00064EF18 /* Inter-SemiBoldItalic.otf in Resources */ = {isa = PBXBuildFile; fileRef = 839472C12CE5FCAF0064EF18 /* Inter-SemiBoldItalic.otf */; };
		839472D52CE5FCB00064EF18 /* Inter-ExtraBold.otf in Resources */ = {isa = PBXBuildFile; fileRef = 839472C22CE5FCAF0064EF18 /* Inter-ExtraBold.otf */; };
		839472D62CE5FCB00064EF18 /* Inter-Black.otf in Resources */ = {isa = PBXBuildFile; fileRef = 839472C32CE5FCAF0064EF18 /* Inter-Black.otf */; };
		839472D82CE5FCB00064EF18 /* Inter-MediumItalic.otf in Resources */ = {isa = PBXBuildFile; fileRef = 839472C52CE5FCB00064EF18 /* Inter-MediumItalic.otf */; };
		839472DA2CE5FCB00064EF18 /* Inter-V.ttf in Resources */ = {isa = PBXBuildFile; fileRef = 839472C72CE5FCB00064EF18 /* Inter-V.ttf */; };
/* End PBXBuildFile section */

/* Begin PBXContainerItemProxy section */
		00E356F41AD99517003FC87E /* PBXContainerItemProxy */ = {
			isa = PBXContainerItemProxy;
			containerPortal = 83CBB9F71A601CBA00E9B192 /* Project object */;
			proxyType = 1;
			remoteGlobalIDString = 13B07F861A680F5B00A75B9A;
			remoteInfo = kuwait;
		};
/* End PBXContainerItemProxy section */

/* Begin PBXFileReference section */
		00E356EE1AD99517003FC87E /* kuwaitTests.xctest */ = {isa = PBXFileReference; explicitFileType = wrapper.cfbundle; includeInIndex = 0; path = kuwaitTests.xctest; sourceTree = BUILT_PRODUCTS_DIR; };
		00E356F11AD99517003FC87E /* Info.plist */ = {isa = PBXFileReference; lastKnownFileType = text.plist.xml; path = Info.plist; sourceTree = "<group>"; };
		00E356F21AD99517003FC87E /* kuwaitTests.m */ = {isa = PBXFileReference; lastKnownFileType = sourcecode.c.objc; path = kuwaitTests.m; sourceTree = "<group>"; };
		13B07F961A680F5B00A75B9A /* kuwait.app */ = {isa = PBXFileReference; explicitFileType = wrapper.application; includeInIndex = 0; path = kuwait.app; sourceTree = BUILT_PRODUCTS_DIR; };
		13B07FAF1A68108700A75B9A /* AppDelegate.h */ = {isa = PBXFileReference; fileEncoding = 4; lastKnownFileType = sourcecode.c.h; name = AppDelegate.h; path = kuwait/AppDelegate.h; sourceTree = "<group>"; };
		13B07FB01A68108700A75B9A /* AppDelegate.mm */ = {isa = PBXFileReference; fileEncoding = 4; lastKnownFileType = sourcecode.cpp.objcpp; name = AppDelegate.mm; path = kuwait/AppDelegate.mm; sourceTree = "<group>"; };
		13B07FB51A68108700A75B9A /* Images.xcassets */ = {isa = PBXFileReference; lastKnownFileType = folder.assetcatalog; name = Images.xcassets; path = kuwait/Images.xcassets; sourceTree = "<group>"; };
		13B07FB61A68108700A75B9A /* Info.plist */ = {isa = PBXFileReference; fileEncoding = 4; lastKnownFileType = text.plist.xml; name = Info.plist; path = kuwait/Info.plist; sourceTree = "<group>"; };
		13B07FB71A68108700A75B9A /* main.m */ = {isa = PBXFileReference; fileEncoding = 4; lastKnownFileType = sourcecode.c.objc; name = main.m; path = kuwait/main.m; sourceTree = "<group>"; };
		19F6CBCC0A4E27FBF8BF4A61 /* libPods-kuwait-kuwaitTests.a */ = {isa = PBXFileReference; explicitFileType = archive.ar; includeInIndex = 0; path = "libPods-kuwait-kuwaitTests.a"; sourceTree = BUILT_PRODUCTS_DIR; };
		3B4392A12AC88292D35C810B /* Pods-kuwait.debug.xcconfig */ = {isa = PBXFileReference; includeInIndex = 1; lastKnownFileType = text.xcconfig; name = "Pods-kuwait.debug.xcconfig"; path = "Target Support Files/Pods-kuwait/Pods-kuwait.debug.xcconfig"; sourceTree = "<group>"; };
		5709B34CF0A7D63546082F79 /* Pods-kuwait.release.xcconfig */ = {isa = PBXFileReference; includeInIndex = 1; lastKnownFileType = text.xcconfig; name = "Pods-kuwait.release.xcconfig"; path = "Target Support Files/Pods-kuwait/Pods-kuwait.release.xcconfig"; sourceTree = "<group>"; };
		5B7EB9410499542E8C5724F5 /* Pods-kuwait-kuwaitTests.debug.xcconfig */ = {isa = PBXFileReference; includeInIndex = 1; lastKnownFileType = text.xcconfig; name = "Pods-kuwait-kuwaitTests.debug.xcconfig"; path = "Target Support Files/Pods-kuwait-kuwaitTests/Pods-kuwait-kuwaitTests.debug.xcconfig"; sourceTree = "<group>"; };
		5DCACB8F33CDC322A6C60F78 /* libPods-kuwait.a */ = {isa = PBXFileReference; explicitFileType = archive.ar; includeInIndex = 0; path = "libPods-kuwait.a"; sourceTree = BUILT_PRODUCTS_DIR; };
		81AB9BB72411601600AC10FF /* LaunchScreen.storyboard */ = {isa = PBXFileReference; fileEncoding = 4; lastKnownFileType = file.storyboard; name = LaunchScreen.storyboard; path = kuwait/LaunchScreen.storyboard; sourceTree = "<group>"; };
		834482B52CEB0FAA0010E4EC /* Inter-Light.ttf */ = {isa = PBXFileReference; lastKnownFileType = file; name = "Inter-Light.ttf"; path = "../../../../../Downloads/ttf/Inter-Light.ttf"; sourceTree = "<group>"; };
		834482B62CEB0FAA0010E4EC /* Inter-SemiBold.ttf */ = {isa = PBXFileReference; lastKnownFileType = file; name = "Inter-SemiBold.ttf"; path = "../../../../../Downloads/ttf/Inter-SemiBold.ttf"; sourceTree = "<group>"; };
		834482B72CEB0FAA0010E4EC /* Inter-Regular.ttf */ = {isa = PBXFileReference; lastKnownFileType = file; name = "Inter-Regular.ttf"; path = "../../../../../Downloads/ttf/Inter-Regular.ttf"; sourceTree = "<group>"; };
		834482B82CEB0FAA0010E4EC /* Inter-Bold.ttf */ = {isa = PBXFileReference; lastKnownFileType = file; name = "Inter-Bold.ttf"; path = "../../../../../Downloads/ttf/Inter-Bold.ttf"; sourceTree = "<group>"; };
		834482B92CEB0FAA0010E4EC /* Inter-Italic.ttf */ = {isa = PBXFileReference; lastKnownFileType = file; name = "Inter-Italic.ttf"; path = "../../../../../Downloads/ttf/Inter-Italic.ttf"; sourceTree = "<group>"; };
		834482BA2CEB0FAA0010E4EC /* Inter-Medium.ttf */ = {isa = PBXFileReference; lastKnownFileType = file; name = "Inter-Medium.ttf"; path = "../../../../../Downloads/ttf/Inter-Medium.ttf"; sourceTree = "<group>"; };
		839472902CE5FC610064EF18 /* SimpleLineIcons.ttf */ = {isa = PBXFileReference; lastKnownFileType = file; name = SimpleLineIcons.ttf; path = ../../../../../Downloads/Fonts/SimpleLineIcons.ttf; sourceTree = "<group>"; };
		839472912CE5FC610064EF18 /* EvilIcons.ttf */ = {isa = PBXFileReference; lastKnownFileType = file; name = EvilIcons.ttf; path = ../../../../../Downloads/Fonts/EvilIcons.ttf; sourceTree = "<group>"; };
		839472922CE5FC610064EF18 /* Feather.ttf */ = {isa = PBXFileReference; lastKnownFileType = file; name = Feather.ttf; path = ../../../../../Downloads/Fonts/Feather.ttf; sourceTree = "<group>"; };
		839472932CE5FC610064EF18 /* FontAwesome6_Brands.ttf */ = {isa = PBXFileReference; lastKnownFileType = file; name = FontAwesome6_Brands.ttf; path = ../../../../../Downloads/Fonts/FontAwesome6_Brands.ttf; sourceTree = "<group>"; };
		839472942CE5FC610064EF18 /* MaterialCommunityIcons.ttf */ = {isa = PBXFileReference; lastKnownFileType = file; name = MaterialCommunityIcons.ttf; path = ../../../../../Downloads/Fonts/MaterialCommunityIcons.ttf; sourceTree = "<group>"; };
		839472952CE5FC610064EF18 /* Octicons.ttf */ = {isa = PBXFileReference; lastKnownFileType = file; name = Octicons.ttf; path = ../../../../../Downloads/Fonts/Octicons.ttf; sourceTree = "<group>"; };
		839472962CE5FC610064EF18 /* Fontisto.ttf */ = {isa = PBXFileReference; lastKnownFileType = file; name = Fontisto.ttf; path = ../../../../../Downloads/Fonts/Fontisto.ttf; sourceTree = "<group>"; };
		839472972CE5FC610064EF18 /* FontAwesome6_Solid.ttf */ = {isa = PBXFileReference; lastKnownFileType = file; name = FontAwesome6_Solid.ttf; path = ../../../../../Downloads/Fonts/FontAwesome6_Solid.ttf; sourceTree = "<group>"; };
		839472982CE5FC610064EF18 /* FontAwesome5_Brands.ttf */ = {isa = PBXFileReference; lastKnownFileType = file; name = FontAwesome5_Brands.ttf; path = ../../../../../Downloads/Fonts/FontAwesome5_Brands.ttf; sourceTree = "<group>"; };
		839472992CE5FC610064EF18 /* Foundation.ttf */ = {isa = PBXFileReference; lastKnownFileType = file; name = Foundation.ttf; path = ../../../../../Downloads/Fonts/Foundation.ttf; sourceTree = "<group>"; };
		8394729A2CE5FC610064EF18 /* FontAwesome.ttf */ = {isa = PBXFileReference; lastKnownFileType = file; name = FontAwesome.ttf; path = ../../../../../Downloads/Fonts/FontAwesome.ttf; sourceTree = "<group>"; };
		8394729B2CE5FC610064EF18 /* FontAwesome6_Regular.ttf */ = {isa = PBXFileReference; lastKnownFileType = file; name = FontAwesome6_Regular.ttf; path = ../../../../../Downloads/Fonts/FontAwesome6_Regular.ttf; sourceTree = "<group>"; };
		8394729C2CE5FC610064EF18 /* Ionicons.ttf */ = {isa = PBXFileReference; lastKnownFileType = file; name = Ionicons.ttf; path = ../../../../../Downloads/Fonts/Ionicons.ttf; sourceTree = "<group>"; };
		8394729D2CE5FC610064EF18 /* FontAwesome5_Solid.ttf */ = {isa = PBXFileReference; lastKnownFileType = file; name = FontAwesome5_Solid.ttf; path = ../../../../../Downloads/Fonts/FontAwesome5_Solid.ttf; sourceTree = "<group>"; };
		8394729E2CE5FC610064EF18 /* Entypo.ttf */ = {isa = PBXFileReference; lastKnownFileType = file; name = Entypo.ttf; path = ../../../../../Downloads/Fonts/Entypo.ttf; sourceTree = "<group>"; };
		8394729F2CE5FC610064EF18 /* FontAwesome5_Regular.ttf */ = {isa = PBXFileReference; lastKnownFileType = file; name = FontAwesome5_Regular.ttf; path = ../../../../../Downloads/Fonts/FontAwesome5_Regular.ttf; sourceTree = "<group>"; };
		839472A02CE5FC610064EF18 /* AntDesign.ttf */ = {isa = PBXFileReference; lastKnownFileType = file; name = AntDesign.ttf; path = ../../../../../Downloads/Fonts/AntDesign.ttf; sourceTree = "<group>"; };
		839472A12CE5FC610064EF18 /* MaterialIcons.ttf */ = {isa = PBXFileReference; lastKnownFileType = file; name = MaterialIcons.ttf; path = ../../../../../Downloads/Fonts/MaterialIcons.ttf; sourceTree = "<group>"; };
		839472A22CE5FC610064EF18 /* Zocial.ttf */ = {isa = PBXFileReference; lastKnownFileType = file; name = Zocial.ttf; path = ../../../../../Downloads/Fonts/Zocial.ttf; sourceTree = "<group>"; };
		839472B62CE5FCAF0064EF18 /* Inter-ExtraLightItalic.otf */ = {isa = PBXFileReference; lastKnownFileType = file; name = "Inter-ExtraLightItalic.otf"; path = "../../android/app/src/main/assets/fonts/Inter-ExtraLightItalic.otf"; sourceTree = "<group>"; };
		839472B82CE5FCAF0064EF18 /* Inter-LightItalic.otf */ = {isa = PBXFileReference; lastKnownFileType = file; name = "Inter-LightItalic.otf"; path = "../../android/app/src/main/assets/fonts/Inter-LightItalic.otf"; sourceTree = "<group>"; };
		839472B92CE5FCAF0064EF18 /* Inter-ExtraBoldItalic.otf */ = {isa = PBXFileReference; lastKnownFileType = file; name = "Inter-ExtraBoldItalic.otf"; path = "../../android/app/src/main/assets/fonts/Inter-ExtraBoldItalic.otf"; sourceTree = "<group>"; };
		839472BB2CE5FCAF0064EF18 /* Inter-BoldItalic.otf */ = {isa = PBXFileReference; lastKnownFileType = file; name = "Inter-BoldItalic.otf"; path = "../../android/app/src/main/assets/fonts/Inter-BoldItalic.otf"; sourceTree = "<group>"; };
		839472BD2CE5FCAF0064EF18 /* Inter-ExtraLight.otf */ = {isa = PBXFileReference; lastKnownFileType = file; name = "Inter-ExtraLight.otf"; path = "../../android/app/src/main/assets/fonts/Inter-ExtraLight.otf"; sourceTree = "<group>"; };
		839472BF2CE5FCAF0064EF18 /* Inter-Thin.otf */ = {isa = PBXFileReference; lastKnownFileType = file; name = "Inter-Thin.otf"; path = "../../android/app/src/main/assets/fonts/Inter-Thin.otf"; sourceTree = "<group>"; };
		839472C02CE5FCAF0064EF18 /* Inter-ThinItalic.otf */ = {isa = PBXFileReference; lastKnownFileType = file; name = "Inter-ThinItalic.otf"; path = "../../android/app/src/main/assets/fonts/Inter-ThinItalic.otf"; sourceTree = "<group>"; };
		839472C12CE5FCAF0064EF18 /* Inter-SemiBoldItalic.otf */ = {isa = PBXFileReference; lastKnownFileType = file; name = "Inter-SemiBoldItalic.otf"; path = "../../android/app/src/main/assets/fonts/Inter-SemiBoldItalic.otf"; sourceTree = "<group>"; };
		839472C22CE5FCAF0064EF18 /* Inter-ExtraBold.otf */ = {isa = PBXFileReference; lastKnownFileType = file; name = "Inter-ExtraBold.otf"; path = "../../android/app/src/main/assets/fonts/Inter-ExtraBold.otf"; sourceTree = "<group>"; };
		839472C32CE5FCAF0064EF18 /* Inter-Black.otf */ = {isa = PBXFileReference; lastKnownFileType = file; name = "Inter-Black.otf"; path = "../../android/app/src/main/assets/fonts/Inter-Black.otf"; sourceTree = "<group>"; };
		839472C52CE5FCB00064EF18 /* Inter-MediumItalic.otf */ = {isa = PBXFileReference; lastKnownFileType = file; name = "Inter-MediumItalic.otf"; path = "../../android/app/src/main/assets/fonts/Inter-MediumItalic.otf"; sourceTree = "<group>"; };
		839472C72CE5FCB00064EF18 /* Inter-V.ttf */ = {isa = PBXFileReference; lastKnownFileType = file; name = "Inter-V.ttf"; path = "../../android/app/src/main/assets/fonts/Inter-V.ttf"; sourceTree = "<group>"; };
		839472C82CE5FCB00064EF18 /* Inter-BlackItalic.otf */ = {isa = PBXFileReference; lastKnownFileType = file; name = "Inter-BlackItalic.otf"; path = "../../android/app/src/main/assets/fonts/Inter-BlackItalic.otf"; sourceTree = "<group>"; };
		89C6BE57DB24E9ADA2F236DE /* Pods-kuwait-kuwaitTests.release.xcconfig */ = {isa = PBXFileReference; includeInIndex = 1; lastKnownFileType = text.xcconfig; name = "Pods-kuwait-kuwaitTests.release.xcconfig"; path = "Target Support Files/Pods-kuwait-kuwaitTests/Pods-kuwait-kuwaitTests.release.xcconfig"; sourceTree = "<group>"; };
		ED297162215061F000B7C4FE /* JavaScriptCore.framework */ = {isa = PBXFileReference; lastKnownFileType = wrapper.framework; name = JavaScriptCore.framework; path = System/Library/Frameworks/JavaScriptCore.framework; sourceTree = SDKROOT; };
/* End PBXFileReference section */

/* Begin PBXFrameworksBuildPhase section */
		00E356EB1AD99517003FC87E /* Frameworks */ = {
			isa = PBXFrameworksBuildPhase;
			buildActionMask = 2147483647;
			files = (
				7699B88040F8A987B510C191 /* libPods-kuwait-kuwaitTests.a in Frameworks */,
			);
			runOnlyForDeploymentPostprocessing = 0;
		};
		13B07F8C1A680F5B00A75B9A /* Frameworks */ = {
			isa = PBXFrameworksBuildPhase;
			buildActionMask = 2147483647;
			files = (
				0C80B921A6F3F58F76C31292 /* libPods-kuwait.a in Frameworks */,
			);
			runOnlyForDeploymentPostprocessing = 0;
		};
/* End PBXFrameworksBuildPhase section */

/* Begin PBXGroup section */
		00E356EF1AD99517003FC87E /* kuwaitTests */ = {
			isa = PBXGroup;
			children = (
				00E356F21AD99517003FC87E /* kuwaitTests.m */,
				00E356F01AD99517003FC87E /* Supporting Files */,
			);
			path = kuwaitTests;
			sourceTree = "<group>";
		};
		00E356F01AD99517003FC87E /* Supporting Files */ = {
			isa = PBXGroup;
			children = (
				00E356F11AD99517003FC87E /* Info.plist */,
			);
			name = "Supporting Files";
			sourceTree = "<group>";
		};
		13B07FAE1A68108700A75B9A /* kuwait */ = {
			isa = PBXGroup;
			children = (
				13B07FAF1A68108700A75B9A /* AppDelegate.h */,
				13B07FB01A68108700A75B9A /* AppDelegate.mm */,
				13B07FB51A68108700A75B9A /* Images.xcassets */,
				13B07FB61A68108700A75B9A /* Info.plist */,
				81AB9BB72411601600AC10FF /* LaunchScreen.storyboard */,
				13B07FB71A68108700A75B9A /* main.m */,
			);
			name = kuwait;
			sourceTree = "<group>";
		};
		2D16E6871FA4F8E400B85C8A /* Frameworks */ = {
			isa = PBXGroup;
			children = (
				ED297162215061F000B7C4FE /* JavaScriptCore.framework */,
				5DCACB8F33CDC322A6C60F78 /* libPods-kuwait.a */,
				19F6CBCC0A4E27FBF8BF4A61 /* libPods-kuwait-kuwaitTests.a */,
			);
			name = Frameworks;
			sourceTree = "<group>";
		};
		832341AE1AAA6A7D00B99B32 /* Libraries */ = {
			isa = PBXGroup;
			children = (
			);
			name = Libraries;
			sourceTree = "<group>";
		};
		8394728F2CE5FBC10064EF18 /* Resources */ = {
			isa = PBXGroup;
			children = (
				834482B82CEB0FAA0010E4EC /* Inter-Bold.ttf */,
				834482B92CEB0FAA0010E4EC /* Inter-Italic.ttf */,
				834482B52CEB0FAA0010E4EC /* Inter-Light.ttf */,
				834482BA2CEB0FAA0010E4EC /* Inter-Medium.ttf */,
				834482B72CEB0FAA0010E4EC /* Inter-Regular.ttf */,
				834482B62CEB0FAA0010E4EC /* Inter-SemiBold.ttf */,
				839472C32CE5FCAF0064EF18 /* Inter-Black.otf */,
				839472C82CE5FCB00064EF18 /* Inter-BlackItalic.otf */,
				839472BB2CE5FCAF0064EF18 /* Inter-BoldItalic.otf */,
				839472C22CE5FCAF0064EF18 /* Inter-ExtraBold.otf */,
				839472B92CE5FCAF0064EF18 /* Inter-ExtraBoldItalic.otf */,
				839472BD2CE5FCAF0064EF18 /* Inter-ExtraLight.otf */,
				839472B62CE5FCAF0064EF18 /* Inter-ExtraLightItalic.otf */,
				839472B82CE5FCAF0064EF18 /* Inter-LightItalic.otf */,
				839472C52CE5FCB00064EF18 /* Inter-MediumItalic.otf */,
				839472C12CE5FCAF0064EF18 /* Inter-SemiBoldItalic.otf */,
				839472BF2CE5FCAF0064EF18 /* Inter-Thin.otf */,
				839472C02CE5FCAF0064EF18 /* Inter-ThinItalic.otf */,
				839472C72CE5FCB00064EF18 /* Inter-V.ttf */,
				839472A02CE5FC610064EF18 /* AntDesign.ttf */,
				8394729E2CE5FC610064EF18 /* Entypo.ttf */,
				839472912CE5FC610064EF18 /* EvilIcons.ttf */,
				839472922CE5FC610064EF18 /* Feather.ttf */,
				8394729A2CE5FC610064EF18 /* FontAwesome.ttf */,
				839472982CE5FC610064EF18 /* FontAwesome5_Brands.ttf */,
				8394729F2CE5FC610064EF18 /* FontAwesome5_Regular.ttf */,
				8394729D2CE5FC610064EF18 /* FontAwesome5_Solid.ttf */,
				839472932CE5FC610064EF18 /* FontAwesome6_Brands.ttf */,
				8394729B2CE5FC610064EF18 /* FontAwesome6_Regular.ttf */,
				839472972CE5FC610064EF18 /* FontAwesome6_Solid.ttf */,
				839472962CE5FC610064EF18 /* Fontisto.ttf */,
				839472992CE5FC610064EF18 /* Foundation.ttf */,
				8394729C2CE5FC610064EF18 /* Ionicons.ttf */,
				839472942CE5FC610064EF18 /* MaterialCommunityIcons.ttf */,
				839472A12CE5FC610064EF18 /* MaterialIcons.ttf */,
				839472952CE5FC610064EF18 /* Octicons.ttf */,
				839472902CE5FC610064EF18 /* SimpleLineIcons.ttf */,
				839472A22CE5FC610064EF18 /* Zocial.ttf */,
			);
			path = Resources;
			sourceTree = "<group>";
		};
		83CBB9F61A601CBA00E9B192 = {
			isa = PBXGroup;
			children = (
				8394728F2CE5FBC10064EF18 /* Resources */,
				13B07FAE1A68108700A75B9A /* kuwait */,
				832341AE1AAA6A7D00B99B32 /* Libraries */,
				00E356EF1AD99517003FC87E /* kuwaitTests */,
				83CBBA001A601CBA00E9B192 /* Products */,
				2D16E6871FA4F8E400B85C8A /* Frameworks */,
				BBD78D7AC51CEA395F1C20DB /* Pods */,
			);
			indentWidth = 2;
			sourceTree = "<group>";
			tabWidth = 2;
			usesTabs = 0;
		};
		83CBBA001A601CBA00E9B192 /* Products */ = {
			isa = PBXGroup;
			children = (
				13B07F961A680F5B00A75B9A /* kuwait.app */,
				00E356EE1AD99517003FC87E /* kuwaitTests.xctest */,
			);
			name = Products;
			sourceTree = "<group>";
		};
		BBD78D7AC51CEA395F1C20DB /* Pods */ = {
			isa = PBXGroup;
			children = (
				3B4392A12AC88292D35C810B /* Pods-kuwait.debug.xcconfig */,
				5709B34CF0A7D63546082F79 /* Pods-kuwait.release.xcconfig */,
				5B7EB9410499542E8C5724F5 /* Pods-kuwait-kuwaitTests.debug.xcconfig */,
				89C6BE57DB24E9ADA2F236DE /* Pods-kuwait-kuwaitTests.release.xcconfig */,
			);
			path = Pods;
			sourceTree = "<group>";
		};
/* End PBXGroup section */

/* Begin PBXNativeTarget section */
		00E356ED1AD99517003FC87E /* kuwaitTests */ = {
			isa = PBXNativeTarget;
			buildConfigurationList = 00E357021AD99517003FC87E /* Build configuration list for PBXNativeTarget "kuwaitTests" */;
			buildPhases = (
				A55EABD7B0C7F3A422A6CC61 /* [CP] Check Pods Manifest.lock */,
				00E356EA1AD99517003FC87E /* Sources */,
				00E356EB1AD99517003FC87E /* Frameworks */,
				00E356EC1AD99517003FC87E /* Resources */,
				C59DA0FBD6956966B86A3779 /* [CP] Embed Pods Frameworks */,
				F6A41C54EA430FDDC6A6ED99 /* [CP] Copy Pods Resources */,
			);
			buildRules = (
			);
			dependencies = (
				00E356F51AD99517003FC87E /* PBXTargetDependency */,
			);
			name = kuwaitTests;
			productName = kuwaitTests;
			productReference = 00E356EE1AD99517003FC87E /* kuwaitTests.xctest */;
			productType = "com.apple.product-type.bundle.unit-test";
		};
		13B07F861A680F5B00A75B9A /* kuwait */ = {
			isa = PBXNativeTarget;
			buildConfigurationList = 13B07F931A680F5B00A75B9A /* Build configuration list for PBXNativeTarget "kuwait" */;
			buildPhases = (
				C38B50BA6285516D6DCD4F65 /* [CP] Check Pods Manifest.lock */,
				FD10A7F022414F080027D42C /* Start Packager */,
				13B07F871A680F5B00A75B9A /* Sources */,
				13B07F8C1A680F5B00A75B9A /* Frameworks */,
				13B07F8E1A680F5B00A75B9A /* Resources */,
				00DD1BFF1BD5951E006B06BC /* Bundle React Native code and images */,
				00EEFC60759A1932668264C0 /* [CP] Embed Pods Frameworks */,
				E235C05ADACE081382539298 /* [CP] Copy Pods Resources */,
			);
			buildRules = (
			);
			dependencies = (
			);
			name = kuwait;
			productName = kuwait;
			productReference = 13B07F961A680F5B00A75B9A /* kuwait.app */;
			productType = "com.apple.product-type.application";
		};
/* End PBXNativeTarget section */

/* Begin PBXProject section */
		83CBB9F71A601CBA00E9B192 /* Project object */ = {
			isa = PBXProject;
			attributes = {
				LastUpgradeCheck = 1210;
				TargetAttributes = {
					00E356ED1AD99517003FC87E = {
						CreatedOnToolsVersion = 6.2;
						TestTargetID = 13B07F861A680F5B00A75B9A;
					};
					13B07F861A680F5B00A75B9A = {
						LastSwiftMigration = 1120;
					};
				};
			};
			buildConfigurationList = 83CBB9FA1A601CBA00E9B192 /* Build configuration list for PBXProject "kuwait" */;
			compatibilityVersion = "Xcode 12.0";
			developmentRegion = en;
			hasScannedForEncodings = 0;
			knownRegions = (
				en,
				Base,
			);
			mainGroup = 83CBB9F61A601CBA00E9B192;
			productRefGroup = 83CBBA001A601CBA00E9B192 /* Products */;
			projectDirPath = "";
			projectRoot = "";
			targets = (
				13B07F861A680F5B00A75B9A /* kuwait */,
				00E356ED1AD99517003FC87E /* kuwaitTests */,
			);
		};
/* End PBXProject section */

/* Begin PBXResourcesBuildPhase section */
		00E356EC1AD99517003FC87E /* Resources */ = {
			isa = PBXResourcesBuildPhase;
			buildActionMask = 2147483647;
			files = (
			);
			runOnlyForDeploymentPostprocessing = 0;
		};
		13B07F8E1A680F5B00A75B9A /* Resources */ = {
			isa = PBXResourcesBuildPhase;
			buildActionMask = 2147483647;
			files = (
				834482BB2CEB0FE10010E4EC /* Inter-Bold.ttf in Resources */,
				834482BC2CEB0FE10010E4EC /* Inter-Italic.ttf in Resources */,
				834482BD2CEB0FE10010E4EC /* Inter-Light.ttf in Resources */,
				834482BE2CEB0FE10010E4EC /* Inter-Medium.ttf in Resources */,
				834482BF2CEB0FE10010E4EC /* Inter-Regular.ttf in Resources */,
				834482C02CEB0FE10010E4EC /* Inter-SemiBold.ttf in Resources */,
				839472D02CE5FCB00064EF18 /* Inter-ExtraLight.otf in Resources */,
				839472D32CE5FCB00064EF18 /* Inter-ThinItalic.otf in Resources */,
				81AB9BB82411601600AC10FF /* LaunchScreen.storyboard in Resources */,
				839472CB2CE5FCB00064EF18 /* Inter-LightItalic.otf in Resources */,
				839472CE2CE5FCB00064EF18 /* Inter-BoldItalic.otf in Resources */,
				839472D62CE5FCB00064EF18 /* Inter-Black.otf in Resources */,
				839472DA2CE5FCB00064EF18 /* Inter-V.ttf in Resources */,
				13B07FBF1A68108700A75B9A /* Images.xcassets in Resources */,
				839472D52CE5FCB00064EF18 /* Inter-ExtraBold.otf in Resources */,
				839472CC2CE5FCB00064EF18 /* Inter-ExtraBoldItalic.otf in Resources */,
				839472C92CE5FCB00064EF18 /* Inter-ExtraLightItalic.otf in Resources */,
				839472D22CE5FCB00064EF18 /* Inter-Thin.otf in Resources */,
				839472D82CE5FCB00064EF18 /* Inter-MediumItalic.otf in Resources */,
				839472D42CE5FCB00064EF18 /* Inter-SemiBoldItalic.otf in Resources */,
			);
			runOnlyForDeploymentPostprocessing = 0;
		};
/* End PBXResourcesBuildPhase section */

/* Begin PBXShellScriptBuildPhase section */
		00DD1BFF1BD5951E006B06BC /* Bundle React Native code and images */ = {
			isa = PBXShellScriptBuildPhase;
			buildActionMask = 2147483647;
			files = (
			);
			inputPaths = (
				"$(SRCROOT)/.xcode.env.local",
				"$(SRCROOT)/.xcode.env",
			);
			name = "Bundle React Native code and images";
			outputPaths = (
			);
			runOnlyForDeploymentPostprocessing = 0;
			shellPath = /bin/sh;
			shellScript = "set -e\n\nWITH_ENVIRONMENT=\"../node_modules/react-native/scripts/xcode/with-environment.sh\"\nREACT_NATIVE_XCODE=\"../node_modules/react-native/scripts/react-native-xcode.sh\"\n\n/bin/sh -c \"$WITH_ENVIRONMENT $REACT_NATIVE_XCODE\"\n";
		};
		00EEFC60759A1932668264C0 /* [CP] Embed Pods Frameworks */ = {
			isa = PBXShellScriptBuildPhase;
			buildActionMask = 2147483647;
			files = (
			);
			inputFileListPaths = (
				"${PODS_ROOT}/Target Support Files/Pods-kuwait/Pods-kuwait-frameworks-${CONFIGURATION}-input-files.xcfilelist",
			);
			name = "[CP] Embed Pods Frameworks";
			outputFileListPaths = (
				"${PODS_ROOT}/Target Support Files/Pods-kuwait/Pods-kuwait-frameworks-${CONFIGURATION}-output-files.xcfilelist",
			);
			runOnlyForDeploymentPostprocessing = 0;
			shellPath = /bin/sh;
			shellScript = "\"${PODS_ROOT}/Target Support Files/Pods-kuwait/Pods-kuwait-frameworks.sh\"\n";
			showEnvVarsInLog = 0;
		};
		A55EABD7B0C7F3A422A6CC61 /* [CP] Check Pods Manifest.lock */ = {
			isa = PBXShellScriptBuildPhase;
			buildActionMask = 2147483647;
			files = (
			);
			inputFileListPaths = (
			);
			inputPaths = (
				"${PODS_PODFILE_DIR_PATH}/Podfile.lock",
				"${PODS_ROOT}/Manifest.lock",
			);
			name = "[CP] Check Pods Manifest.lock";
			outputFileListPaths = (
			);
			outputPaths = (
				"$(DERIVED_FILE_DIR)/Pods-kuwait-kuwaitTests-checkManifestLockResult.txt",
			);
			runOnlyForDeploymentPostprocessing = 0;
			shellPath = /bin/sh;
			shellScript = "diff \"${PODS_PODFILE_DIR_PATH}/Podfile.lock\" \"${PODS_ROOT}/Manifest.lock\" > /dev/null\nif [ $? != 0 ] ; then\n    # print error to STDERR\n    echo \"error: The sandbox is not in sync with the Podfile.lock. Run 'pod install' or update your CocoaPods installation.\" >&2\n    exit 1\nfi\n# This output is used by Xcode 'outputs' to avoid re-running this script phase.\necho \"SUCCESS\" > \"${SCRIPT_OUTPUT_FILE_0}\"\n";
			showEnvVarsInLog = 0;
		};
		C38B50BA6285516D6DCD4F65 /* [CP] Check Pods Manifest.lock */ = {
			isa = PBXShellScriptBuildPhase;
			buildActionMask = 2147483647;
			files = (
			);
			inputFileListPaths = (
			);
			inputPaths = (
				"${PODS_PODFILE_DIR_PATH}/Podfile.lock",
				"${PODS_ROOT}/Manifest.lock",
			);
			name = "[CP] Check Pods Manifest.lock";
			outputFileListPaths = (
			);
			outputPaths = (
				"$(DERIVED_FILE_DIR)/Pods-kuwait-checkManifestLockResult.txt",
			);
			runOnlyForDeploymentPostprocessing = 0;
			shellPath = /bin/sh;
			shellScript = "diff \"${PODS_PODFILE_DIR_PATH}/Podfile.lock\" \"${PODS_ROOT}/Manifest.lock\" > /dev/null\nif [ $? != 0 ] ; then\n    # print error to STDERR\n    echo \"error: The sandbox is not in sync with the Podfile.lock. Run 'pod install' or update your CocoaPods installation.\" >&2\n    exit 1\nfi\n# This output is used by Xcode 'outputs' to avoid re-running this script phase.\necho \"SUCCESS\" > \"${SCRIPT_OUTPUT_FILE_0}\"\n";
			showEnvVarsInLog = 0;
		};
		C59DA0FBD6956966B86A3779 /* [CP] Embed Pods Frameworks */ = {
			isa = PBXShellScriptBuildPhase;
			buildActionMask = 2147483647;
			files = (
			);
			inputFileListPaths = (
				"${PODS_ROOT}/Target Support Files/Pods-kuwait-kuwaitTests/Pods-kuwait-kuwaitTests-frameworks-${CONFIGURATION}-input-files.xcfilelist",
			);
			name = "[CP] Embed Pods Frameworks";
			outputFileListPaths = (
				"${PODS_ROOT}/Target Support Files/Pods-kuwait-kuwaitTests/Pods-kuwait-kuwaitTests-frameworks-${CONFIGURATION}-output-files.xcfilelist",
			);
			runOnlyForDeploymentPostprocessing = 0;
			shellPath = /bin/sh;
			shellScript = "\"${PODS_ROOT}/Target Support Files/Pods-kuwait-kuwaitTests/Pods-kuwait-kuwaitTests-frameworks.sh\"\n";
			showEnvVarsInLog = 0;
		};
		E235C05ADACE081382539298 /* [CP] Copy Pods Resources */ = {
			isa = PBXShellScriptBuildPhase;
			buildActionMask = 2147483647;
			files = (
			);
			inputFileListPaths = (
				"${PODS_ROOT}/Target Support Files/Pods-kuwait/Pods-kuwait-resources-${CONFIGURATION}-input-files.xcfilelist",
			);
			name = "[CP] Copy Pods Resources";
			outputFileListPaths = (
				"${PODS_ROOT}/Target Support Files/Pods-kuwait/Pods-kuwait-resources-${CONFIGURATION}-output-files.xcfilelist",
			);
			runOnlyForDeploymentPostprocessing = 0;
			shellPath = /bin/sh;
			shellScript = "\"${PODS_ROOT}/Target Support Files/Pods-kuwait/Pods-kuwait-resources.sh\"\n";
			showEnvVarsInLog = 0;
		};
		F6A41C54EA430FDDC6A6ED99 /* [CP] Copy Pods Resources */ = {
			isa = PBXShellScriptBuildPhase;
			buildActionMask = 2147483647;
			files = (
			);
			inputFileListPaths = (
				"${PODS_ROOT}/Target Support Files/Pods-kuwait-kuwaitTests/Pods-kuwait-kuwaitTests-resources-${CONFIGURATION}-input-files.xcfilelist",
			);
			name = "[CP] Copy Pods Resources";
			outputFileListPaths = (
				"${PODS_ROOT}/Target Support Files/Pods-kuwait-kuwaitTests/Pods-kuwait-kuwaitTests-resources-${CONFIGURATION}-output-files.xcfilelist",
			);
			runOnlyForDeploymentPostprocessing = 0;
			shellPath = /bin/sh;
			shellScript = "\"${PODS_ROOT}/Target Support Files/Pods-kuwait-kuwaitTests/Pods-kuwait-kuwaitTests-resources.sh\"\n";
			showEnvVarsInLog = 0;
		};
		FD10A7F022414F080027D42C /* Start Packager */ = {
			isa = PBXShellScriptBuildPhase;
			buildActionMask = 2147483647;
			files = (
			);
			inputFileListPaths = (
			);
			inputPaths = (
			);
			name = "Start Packager";
			outputFileListPaths = (
			);
			outputPaths = (
			);
			runOnlyForDeploymentPostprocessing = 0;
			shellPath = /bin/sh;
			shellScript = "export RCT_METRO_PORT=\"${RCT_METRO_PORT:=8081}\"\necho \"export RCT_METRO_PORT=${RCT_METRO_PORT}\" > \"${SRCROOT}/../node_modules/react-native/scripts/.packager.env\"\nif [ -z \"${RCT_NO_LAUNCH_PACKAGER+xxx}\" ] ; then\n  if nc -w 5 -z localhost ${RCT_METRO_PORT} ; then\n    if ! curl -s \"http://localhost:${RCT_METRO_PORT}/status\" | grep -q \"packager-status:running\" ; then\n      echo \"Port ${RCT_METRO_PORT} already in use, packager is either not running or not running correctly\"\n      exit 2\n    fi\n  else\n    open \"$SRCROOT/../node_modules/react-native/scripts/launchPackager.command\" || echo \"Can't start packager automatically\"\n  fi\nfi\n";
			showEnvVarsInLog = 0;
		};
/* End PBXShellScriptBuildPhase section */

/* Begin PBXSourcesBuildPhase section */
		00E356EA1AD99517003FC87E /* Sources */ = {
			isa = PBXSourcesBuildPhase;
			buildActionMask = 2147483647;
			files = (
				00E356F31AD99517003FC87E /* kuwaitTests.m in Sources */,
			);
			runOnlyForDeploymentPostprocessing = 0;
		};
		13B07F871A680F5B00A75B9A /* Sources */ = {
			isa = PBXSourcesBuildPhase;
			buildActionMask = 2147483647;
			files = (
				13B07FBC1A68108700A75B9A /* AppDelegate.mm in Sources */,
				13B07FC11A68108700A75B9A /* main.m in Sources */,
			);
			runOnlyForDeploymentPostprocessing = 0;
		};
/* End PBXSourcesBuildPhase section */

/* Begin PBXTargetDependency section */
		00E356F51AD99517003FC87E /* PBXTargetDependency */ = {
			isa = PBXTargetDependency;
			target = 13B07F861A680F5B00A75B9A /* kuwait */;
			targetProxy = 00E356F41AD99517003FC87E /* PBXContainerItemProxy */;
		};
/* End PBXTargetDependency section */

/* Begin XCBuildConfiguration section */
		00E356F61AD99517003FC87E /* Debug */ = {
			isa = XCBuildConfiguration;
			baseConfigurationReference = 5B7EB9410499542E8C5724F5 /* Pods-kuwait-kuwaitTests.debug.xcconfig */;
			buildSettings = {
				BUNDLE_LOADER = "$(TEST_HOST)";
				GCC_PREPROCESSOR_DEFINITIONS = (
					"DEBUG=1",
					"$(inherited)",
				);
				INFOPLIST_FILE = kuwaitTests/Info.plist;
				IPHONEOS_DEPLOYMENT_TARGET = 12.4;
				LD_RUNPATH_SEARCH_PATHS = (
					"$(inherited)",
					"@executable_path/Frameworks",
					"@loader_path/Frameworks",
				);
				OTHER_LDFLAGS = (
					"-ObjC",
					"-lc++",
					"$(inherited)",
				);
				PRODUCT_BUNDLE_IDENTIFIER = "org.reactjs.native.example.$(PRODUCT_NAME:rfc1034identifier)";
				PRODUCT_NAME = "$(TARGET_NAME)";
				TEST_HOST = "$(BUILT_PRODUCTS_DIR)/kuwait.app/kuwait";
			};
			name = Debug;
		};
		00E356F71AD99517003FC87E /* Release */ = {
			isa = XCBuildConfiguration;
			baseConfigurationReference = 89C6BE57DB24E9ADA2F236DE /* Pods-kuwait-kuwaitTests.release.xcconfig */;
			buildSettings = {
				BUNDLE_LOADER = "$(TEST_HOST)";
				COPY_PHASE_STRIP = NO;
				INFOPLIST_FILE = kuwaitTests/Info.plist;
				IPHONEOS_DEPLOYMENT_TARGET = 12.4;
				LD_RUNPATH_SEARCH_PATHS = (
					"$(inherited)",
					"@executable_path/Frameworks",
					"@loader_path/Frameworks",
				);
				OTHER_LDFLAGS = (
					"-ObjC",
					"-lc++",
					"$(inherited)",
				);
				PRODUCT_BUNDLE_IDENTIFIER = "org.reactjs.native.example.$(PRODUCT_NAME:rfc1034identifier)";
				PRODUCT_NAME = "$(TARGET_NAME)";
				TEST_HOST = "$(BUILT_PRODUCTS_DIR)/kuwait.app/kuwait";
			};
			name = Release;
		};
		13B07F941A680F5B00A75B9A /* Debug */ = {
			isa = XCBuildConfiguration;
			baseConfigurationReference = 3B4392A12AC88292D35C810B /* Pods-kuwait.debug.xcconfig */;
			buildSettings = {
				ASSETCATALOG_COMPILER_APPICON_NAME = AppIcon;
				CLANG_ENABLE_MODULES = YES;
				CURRENT_PROJECT_VERSION = 3;
				DEVELOPMENT_TEAM = ASRUF539N8;
				ENABLE_BITCODE = NO;
				INFOPLIST_FILE = kuwait/Info.plist;
				LD_RUNPATH_SEARCH_PATHS = (
					"$(inherited)",
					"@executable_path/Frameworks",
				);
				MARKETING_VERSION = 1.0;
				OTHER_LDFLAGS = (
					"$(inherited)",
					"-ObjC",
					"-lc++",
				);
				PRODUCT_BUNDLE_IDENTIFIER = "org.reactjs.native.example.$(PRODUCT_NAME:rfc1034identifier)";
				PRODUCT_NAME = kuwait;
				SWIFT_OPTIMIZATION_LEVEL = "-Onone";
				SWIFT_VERSION = 5.0;
				VERSIONING_SYSTEM = "apple-generic";
			};
			name = Debug;
		};
		13B07F951A680F5B00A75B9A /* Release */ = {
			isa = XCBuildConfiguration;
			baseConfigurationReference = 5709B34CF0A7D63546082F79 /* Pods-kuwait.release.xcconfig */;
			buildSettings = {
				ASSETCATALOG_COMPILER_APPICON_NAME = AppIcon;
				CLANG_ENABLE_MODULES = YES;
				CURRENT_PROJECT_VERSION = 3;
				DEVELOPMENT_TEAM = ASRUF539N8;
				INFOPLIST_FILE = kuwait/Info.plist;
				LD_RUNPATH_SEARCH_PATHS = (
					"$(inherited)",
					"@executable_path/Frameworks",
				);
				MARKETING_VERSION = 1.0;
				OTHER_LDFLAGS = (
					"$(inherited)",
					"-ObjC",
					"-lc++",
				);
				PRODUCT_BUNDLE_IDENTIFIER = "org.reactjs.native.example.$(PRODUCT_NAME:rfc1034identifier)";
				PRODUCT_NAME = kuwait;
				SWIFT_VERSION = 5.0;
				VERSIONING_SYSTEM = "apple-generic";
			};
			name = Release;
		};
		83CBBA201A601CBA00E9B192 /* Debug */ = {
			isa = XCBuildConfiguration;
			buildSettings = {
				ALWAYS_SEARCH_USER_PATHS = NO;
				CLANG_ANALYZER_LOCALIZABILITY_NONLOCALIZED = YES;
				CLANG_CXX_LANGUAGE_STANDARD = "c++17";
				CLANG_CXX_LIBRARY = "libc++";
				CLANG_ENABLE_MODULES = YES;
				CLANG_ENABLE_OBJC_ARC = YES;
				CLANG_WARN_BLOCK_CAPTURE_AUTORELEASING = YES;
				CLANG_WARN_BOOL_CONVERSION = YES;
				CLANG_WARN_COMMA = YES;
				CLANG_WARN_CONSTANT_CONVERSION = YES;
				CLANG_WARN_DEPRECATED_OBJC_IMPLEMENTATIONS = YES;
				CLANG_WARN_DIRECT_OBJC_ISA_USAGE = YES_ERROR;
				CLANG_WARN_EMPTY_BODY = YES;
				CLANG_WARN_ENUM_CONVERSION = YES;
				CLANG_WARN_INFINITE_RECURSION = YES;
				CLANG_WARN_INT_CONVERSION = YES;
				CLANG_WARN_NON_LITERAL_NULL_CONVERSION = YES;
				CLANG_WARN_OBJC_IMPLICIT_RETAIN_SELF = YES;
				CLANG_WARN_OBJC_LITERAL_CONVERSION = YES;
				CLANG_WARN_OBJC_ROOT_CLASS = YES_ERROR;
				CLANG_WARN_QUOTED_INCLUDE_IN_FRAMEWORK_HEADER = YES;
				CLANG_WARN_RANGE_LOOP_ANALYSIS = YES;
				CLANG_WARN_STRICT_PROTOTYPES = YES;
				CLANG_WARN_SUSPICIOUS_MOVE = YES;
				CLANG_WARN_UNREACHABLE_CODE = YES;
				CLANG_WARN__DUPLICATE_METHOD_MATCH = YES;
				"CODE_SIGN_IDENTITY[sdk=iphoneos*]" = "iPhone Developer";
				COPY_PHASE_STRIP = NO;
				ENABLE_STRICT_OBJC_MSGSEND = YES;
				ENABLE_TESTABILITY = YES;
				"EXCLUDED_ARCHS[sdk=iphonesimulator*]" = i386;
				GCC_C_LANGUAGE_STANDARD = gnu99;
				GCC_DYNAMIC_NO_PIC = NO;
				GCC_NO_COMMON_BLOCKS = YES;
				GCC_OPTIMIZATION_LEVEL = 0;
				GCC_PREPROCESSOR_DEFINITIONS = (
					"DEBUG=1",
					"$(inherited)",
				);
				GCC_SYMBOLS_PRIVATE_EXTERN = NO;
				GCC_WARN_64_TO_32_BIT_CONVERSION = YES;
				GCC_WARN_ABOUT_RETURN_TYPE = YES_ERROR;
				GCC_WARN_UNDECLARED_SELECTOR = YES;
				GCC_WARN_UNINITIALIZED_AUTOS = YES_AGGRESSIVE;
				GCC_WARN_UNUSED_FUNCTION = YES;
				GCC_WARN_UNUSED_VARIABLE = YES;
				IPHONEOS_DEPLOYMENT_TARGET = 12.4;
				LD_RUNPATH_SEARCH_PATHS = (
					/usr/lib/swift,
					"$(inherited)",
				);
				LIBRARY_SEARCH_PATHS = (
					"\"$(SDKROOT)/usr/lib/swift\"",
					"\"$(TOOLCHAIN_DIR)/usr/lib/swift/$(PLATFORM_NAME)\"",
					"\"$(inherited)\"",
				);
				MTL_ENABLE_DEBUG_INFO = YES;
				ONLY_ACTIVE_ARCH = YES;
				OTHER_CFLAGS = "$(inherited)";
				OTHER_CPLUSPLUSFLAGS = (
					"$(OTHER_CFLAGS)",
					"-DFOLLY_NO_CONFIG",
					"-DFOLLY_MOBILE=1",
					"-DFOLLY_USE_LIBCPP=1",
				);
				REACT_NATIVE_PATH = "${PODS_ROOT}/../../node_modules/react-native";
				SDKROOT = iphoneos;
			};
			name = Debug;
		};
		83CBBA211A601CBA00E9B192 /* Release */ = {
			isa = XCBuildConfiguration;
			buildSettings = {
				ALWAYS_SEARCH_USER_PATHS = NO;
				CLANG_ANALYZER_LOCALIZABILITY_NONLOCALIZED = YES;
				CLANG_CXX_LANGUAGE_STANDARD = "c++17";
				CLANG_CXX_LIBRARY = "libc++";
				CLANG_ENABLE_MODULES = YES;
				CLANG_ENABLE_OBJC_ARC = YES;
				CLANG_WARN_BLOCK_CAPTURE_AUTORELEASING = YES;
				CLANG_WARN_BOOL_CONVERSION = YES;
				CLANG_WARN_COMMA = YES;
				CLANG_WARN_CONSTANT_CONVERSION = YES;
				CLANG_WARN_DEPRECATED_OBJC_IMPLEMENTATIONS = YES;
				CLANG_WARN_DIRECT_OBJC_ISA_USAGE = YES_ERROR;
				CLANG_WARN_EMPTY_BODY = YES;
				CLANG_WARN_ENUM_CONVERSION = YES;
				CLANG_WARN_INFINITE_RECURSION = YES;
				CLANG_WARN_INT_CONVERSION = YES;
				CLANG_WARN_NON_LITERAL_NULL_CONVERSION = YES;
				CLANG_WARN_OBJC_IMPLICIT_RETAIN_SELF = YES;
				CLANG_WARN_OBJC_LITERAL_CONVERSION = YES;
				CLANG_WARN_OBJC_ROOT_CLASS = YES_ERROR;
				CLANG_WARN_QUOTED_INCLUDE_IN_FRAMEWORK_HEADER = YES;
				CLANG_WARN_RANGE_LOOP_ANALYSIS = YES;
				CLANG_WARN_STRICT_PROTOTYPES = YES;
				CLANG_WARN_SUSPICIOUS_MOVE = YES;
				CLANG_WARN_UNREACHABLE_CODE = YES;
				CLANG_WARN__DUPLICATE_METHOD_MATCH = YES;
				"CODE_SIGN_IDENTITY[sdk=iphoneos*]" = "iPhone Developer";
				COPY_PHASE_STRIP = YES;
				ENABLE_NS_ASSERTIONS = NO;
				ENABLE_STRICT_OBJC_MSGSEND = YES;
				"EXCLUDED_ARCHS[sdk=iphonesimulator*]" = i386;
				GCC_C_LANGUAGE_STANDARD = gnu99;
				GCC_NO_COMMON_BLOCKS = YES;
				GCC_WARN_64_TO_32_BIT_CONVERSION = YES;
				GCC_WARN_ABOUT_RETURN_TYPE = YES_ERROR;
				GCC_WARN_UNDECLARED_SELECTOR = YES;
				GCC_WARN_UNINITIALIZED_AUTOS = YES_AGGRESSIVE;
				GCC_WARN_UNUSED_FUNCTION = YES;
				GCC_WARN_UNUSED_VARIABLE = YES;
				IPHONEOS_DEPLOYMENT_TARGET = 12.4;
				LD_RUNPATH_SEARCH_PATHS = (
					/usr/lib/swift,
					"$(inherited)",
				);
				LIBRARY_SEARCH_PATHS = (
					"\"$(SDKROOT)/usr/lib/swift\"",
					"\"$(TOOLCHAIN_DIR)/usr/lib/swift/$(PLATFORM_NAME)\"",
					"\"$(inherited)\"",
				);
				MTL_ENABLE_DEBUG_INFO = NO;
				OTHER_CFLAGS = "$(inherited)";
				OTHER_CPLUSPLUSFLAGS = (
					"$(OTHER_CFLAGS)",
					"-DFOLLY_NO_CONFIG",
					"-DFOLLY_MOBILE=1",
					"-DFOLLY_USE_LIBCPP=1",
				);
				REACT_NATIVE_PATH = "${PODS_ROOT}/../../node_modules/react-native";
				SDKROOT = iphoneos;
				VALIDATE_PRODUCT = YES;
			};
			name = Release;
		};
/* End XCBuildConfiguration section */

/* Begin XCConfigurationList section */
		00E357021AD99517003FC87E /* Build configuration list for PBXNativeTarget "kuwaitTests" */ = {
			isa = XCConfigurationList;
			buildConfigurations = (
				00E356F61AD99517003FC87E /* Debug */,
				00E356F71AD99517003FC87E /* Release */,
			);
			defaultConfigurationIsVisible = 0;
			defaultConfigurationName = Release;
		};
		13B07F931A680F5B00A75B9A /* Build configuration list for PBXNativeTarget "kuwait" */ = {
			isa = XCConfigurationList;
			buildConfigurations = (
				13B07F941A680F5B00A75B9A /* Debug */,
				13B07F951A680F5B00A75B9A /* Release */,
			);
			defaultConfigurationIsVisible = 0;
			defaultConfigurationName = Release;
		};
		83CBB9FA1A601CBA00E9B192 /* Build configuration list for PBXProject "kuwait" */ = {
			isa = XCConfigurationList;
			buildConfigurations = (
				83CBBA201A601CBA00E9B192 /* Debug */,
				83CBBA211A601CBA00E9B192 /* Release */,
			);
			defaultConfigurationIsVisible = 0;
			defaultConfigurationName = Release;
		};
/* End XCConfigurationList section */
	};
	rootObject = 83CBB9F71A601CBA00E9B192 /* Project object */;
}
